<?xml version="1.0" encoding="utf-8"?>
<Project xmlns="http://schemas.microsoft.com/developer/msbuild/2003">
  <!-- ===================== Filters ===================== -->
  <ItemGroup>
    <!-- src roots -->
    <Filter Include="src" />
    <Filter Include="src\common" />
    <!-- core (assets/resources) -->
    <Filter Include="src\core" />
    <!-- input -->
    <Filter Include="src\input" />
    <!-- profiler -->
    <Filter Include="src\profiler" />
    <!-- renderer (root + modules) -->
    <Filter Include="src\renderer" />
    <Filter Include="src\renderer\backend" />
    <Filter Include="src\renderer\backend\memory" />
    <Filter Include="src\renderer\frame" />
    <Filter Include="src\renderer\scene" />
    <Filter Include="src\renderer\rendergraph" />
    <Filter Include="src\renderer\rendergraph\passes" />
    <Filter Include="src\renderer\rendergraph\passes\graphics" />
    <Filter Include="src\renderer\rendergraph\passes\compute" />
    <Filter Include="src\renderer\rendergraph\passes\command" />
    <Filter Include="src\renderer\rendergraph\scopes" />
    <!-- resources (shaders and assets) -->
    <Filter Include="res" />
    <Filter Include="res\assets" />
    <Filter Include="res\shaders" />
    <Filter Include="res\shaders\ao" />
    <Filter Include="res\shaders\clustered" />
    <Filter Include="res\shaders\core" />
    <Filter Include="res\shaders\debug" />
    <Filter Include="res\shaders\environment" />
    <Filter Include="res\shaders\include" />
    <Filter Include="res\shaders\post_process" />
    <Filter Include="res\shaders\shadows" />
    <Filter Include="res\shaders\visibility" />
    <!-- vendor / third-party -->
    <Filter Include="vendor" />
  </ItemGroup>
  <!-- ===================== Sources ===================== -->
  <ItemGroup>
    <!-- PCH generator -->
    <ClCompile Include="src\common\pch.cpp">
      <Filter>src\common</Filter>
    </ClCompile>
    <!-- src root -->
    <ClCompile Include="src\Main.cpp">
      <Filter>src</Filter>
    </ClCompile>
    <!-- core -->
    <ClCompile Include="src\core\Engine.cpp">
      <Filter>src\core</Filter>
    </ClCompile>
    <ClCompile Include="src\core\JobSystem.cpp">
      <Filter>src\core</Filter>
    </ClCompile>
    <ClCompile Include="src\core\AssetManager.cpp">
      <Filter>src\core</Filter>
    </ClCompile>
    <ClCompile Include="src\core\Window.cpp">
      <Filter>src\core</Filter>
    </ClCompile>
    <!-- profiler -->
    <ClCompile Include="src\profiler\Profiler.cpp">
      <Filter>src\profiler</Filter>
    </ClCompile>
    <ClCompile Include="src\profiler\EditorImgui.cpp">
      <Filter>src\profiler</Filter>
    </ClCompile>
    <!-- input -->
    <ClCompile Include="src\input\Camera.cpp">
      <Filter>src\input</Filter>
    </ClCompile>
    <ClCompile Include="src\input\UserInput.cpp">
      <Filter>src\input</Filter>
    </ClCompile>
    <!-- renderer (root) -->
    <ClCompile Include="src\renderer\Renderer.cpp">
      <Filter>src\renderer</Filter>
    </ClCompile>
    <!-- renderer / graph -->
    <ClCompile Include="src\renderer\rendergraph\RenderGraph.cpp">
      <Filter>src\renderer\rendergraph</Filter>
    </ClCompile>
    <ClCompile Include="src\renderer\rendergraph\RenderGraphResources.cpp">
      <Filter>src\renderer\rendergraph</Filter>
    </ClCompile>
    <ClCompile Include="src\renderer\rendergraph\RenderGraphBuilder.cpp">
      <Filter>src\renderer\rendergraph</Filter>
    </ClCompile>
    <!-- renderer / graph / passes / graphics -->
    <ClCompile Include="src\renderer\rendergraph\passes\graphics\CascadedShadowMapAtlasPass.cpp">
      <Filter>src\renderer\rendergraph\passes\graphics</Filter>
    </ClCompile>
    <ClCompile Include="src\renderer\rendergraph\passes\graphics\LineDebugPass.cpp">
      <Filter>src\renderer\rendergraph\passes\graphics</Filter>
    </ClCompile>
    <ClCompile Include="src\renderer\rendergraph\passes\graphics\FlashlightShadowMapPass.cpp">
      <Filter>src\renderer\rendergraph\passes\graphics</Filter>
    </ClCompile>
    <ClCompile Include="src\renderer\rendergraph\passes\graphics\OpaqueForwardPass.cpp">
      <Filter>src\renderer\rendergraph\passes\graphics</Filter>
    </ClCompile>
    <ClCompile Include="src\renderer\rendergraph\passes\graphics\ThePrepass.cpp">
      <Filter>src\renderer\rendergraph\passes\graphics</Filter>
    </ClCompile>
    <ClCompile Include="src\renderer\rendergraph\passes\graphics\SkyboxPass.cpp">
      <Filter>src\renderer\rendergraph\passes\graphics</Filter>
    </ClCompile>
    <ClCompile Include="src\renderer\rendergraph\passes\graphics\TransparentForwardPass.cpp">
      <Filter>src\renderer\rendergraph\passes\graphics</Filter>
    </ClCompile>
    <!-- renderer / graph / passes / compute -->
    <ClCompile Include="src\renderer\rendergraph\passes\compute\ChromaticAberrationPass.cpp">
      <Filter>src\renderer\rendergraph\passes\compute</Filter>
    </ClCompile>
    <ClCompile Include="src\renderer\rendergraph\passes\compute\ClusteredLightsPass.cpp">
      <Filter>src\renderer\rendergraph\passes\compute</Filter>
    </ClCompile>
    <ClCompile Include="src\renderer\rendergraph\passes\compute\LightCullingPass.cpp">
      <Filter>src\renderer\rendergraph\passes\compute</Filter>
    </ClCompile>
    <ClCompile Include="src\renderer\rendergraph\passes\compute\ConservativeMorphologicalAntiAliasing2Pass.cpp">
      <Filter>src\renderer\rendergraph\passes\compute</Filter>
    </ClCompile>
    <ClCompile Include="src\renderer\rendergraph\passes\compute\EnvironmentMapGenerationPass.cpp">
      <Filter>src\renderer\rendergraph\passes\compute</Filter>
    </ClCompile>
    <ClCompile Include="src\renderer\rendergraph\passes\compute\FastApproximateAntiAliasing.cpp">
      <Filter>src\renderer\rendergraph\passes\compute</Filter>
    </ClCompile>
    <ClCompile Include="src\renderer\rendergraph\passes\compute\FinalCompositePass.cpp">
      <Filter>src\renderer\rendergraph\passes\compute</Filter>
    </ClCompile>
    <ClCompile Include="src\renderer\rendergraph\passes\compute\HierarchicalDepthGenerationPass.cpp">
      <Filter>src\renderer\rendergraph\passes\compute</Filter>
    </ClCompile>
    <ClCompile Include="src\renderer\rendergraph\passes\compute\LensFlarePass.cpp">
      <Filter>src\renderer\rendergraph\passes\compute</Filter>
    </ClCompile>
    <ClCompile Include="src\renderer\rendergraph\passes\compute\LuminanceExposurePass.cpp">
      <Filter>src\renderer\rendergraph\passes\compute</Filter>
    </ClCompile>
    <ClCompile Include="src\renderer\rendergraph\passes\compute\ScreenSpaceAmbientOcclusionPass.cpp">
      <Filter>src\renderer\rendergraph\passes\compute</Filter>
    </ClCompile>
    <ClCompile Include="src\renderer\rendergraph\passes\compute\ScreenSpaceContactShadowsPass.cpp">
      <Filter>src\renderer\rendergraph\passes\compute</Filter>
    </ClCompile>
    <ClCompile Include="src\renderer\rendergraph\passes\compute\ScreenSpaceVolumetricLightPass.cpp">
      <Filter>src\renderer\rendergraph\passes\compute</Filter>
    </ClCompile>
    <ClCompile Include="src\renderer\rendergraph\passes\compute\SubpixelMorphologicalAntiAliasingPass.cpp">
      <Filter>src\renderer\rendergraph\passes\compute</Filter>
    </ClCompile>
    <ClCompile Include="src\renderer\rendergraph\passes\compute\TransparentResolvePass.cpp">
      <Filter>src\renderer\rendergraph\passes\compute</Filter>
    </ClCompile>
    <ClCompile Include="src\renderer\rendergraph\passes\compute\TemporalAntiAliasingPass.cpp">
      <Filter>src\renderer\rendergraph\passes\compute</Filter>
    </ClCompile>
    <!-- renderer / graph / passes / command -->
    <ClCompile Include="src\renderer\rendergraph\passes\command\ImguiDrawPass.cpp">
      <Filter>src\renderer\rendergraph\passes\command</Filter>
    </ClCompile>
    <ClCompile Include="src\renderer\rendergraph\passes\command\SwapchainPresentPass.cpp">
      <Filter>src\renderer\rendergraph\passes\command</Filter>
    </ClCompile>
    <ClCompile Include="src\renderer\rendergraph\passes\command\TemporalCopyPass.cpp">
      <Filter>src\renderer\rendergraph\passes\command</Filter>
    </ClCompile>
    <!-- renderer / graph / scopes -->
    <ClCompile Include="src\renderer\rendergraph\scopes\GraphicsScope.cpp">
      <Filter>src\renderer\rendergraph\scopes</Filter>
    </ClCompile>
    <ClCompile Include="src\renderer\rendergraph\scopes\ComputeScope.cpp">
      <Filter>src\renderer\rendergraph\scopes</Filter>
    </ClCompile>
    <!-- renderer / frame -->
    <ClCompile Include="src\renderer\frame\FrameContext.cpp">
      <Filter>src\renderer\frame</Filter>
    </ClCompile>
    <ClCompile Include="src\renderer\frame\FrameResources.cpp">
      <Filter>src\renderer\frame</Filter>
    </ClCompile>
    <!-- renderer / scene -->
    <ClCompile Include="src\renderer\scene\Scene.cpp">
      <Filter>src\renderer\scene</Filter>
    </ClCompile>
    <ClCompile Include="src\renderer\scene\World.cpp">
      <Filter>src\renderer\scene</Filter>
    </ClCompile>
    <ClCompile Include="src\renderer\scene\DrawPreparation.cpp">
      <Filter>src\renderer\scene</Filter>
    </ClCompile>
    <ClCompile Include="src\renderer\scene\LightingSystem.cpp">
      <Filter>src\renderer\scene</Filter>
    </ClCompile>
    <!-- renderer / backend -->
    <ClCompile Include="src\renderer\backend\Device.cpp">
      <Filter>src\renderer\backend</Filter>
    </ClCompile>
    <ClCompile Include="src\renderer\backend\Swapchain.cpp">
      <Filter>src\renderer\backend</Filter>
    </ClCompile>
    <ClCompile Include="src\renderer\backend\Queue.cpp">
      <Filter>src\renderer\backend</Filter>
    </ClCompile>
    <ClCompile Include="src\renderer\backend\Sync.cpp">
      <Filter>src\renderer\backend</Filter>
    </ClCompile>
    <ClCompile Include="src\renderer\backend\Shader.cpp">
      <Filter>src\renderer\backend</Filter>
    </ClCompile>
    <ClCompile Include="src\renderer\backend\PhysicalDeviceSelector.cpp">
      <Filter>src\renderer\backend</Filter>
    </ClCompile>
    <ClCompile Include="src\renderer\backend\DescriptorManager.cpp">
      <Filter>src\renderer\backend</Filter>
    </ClCompile>
    <ClCompile Include="src\renderer\backend\DescriptorWriter.cpp">
      <Filter>src\renderer\backend</Filter>
    </ClCompile>
    <ClCompile Include="src\renderer\backend\PipelineManager.cpp">
      <Filter>src\renderer\backend</Filter>
    </ClCompile>
    <ClCompile Include="src\renderer\backend\ImageUtils.cpp">
      <Filter>src\renderer\backend</Filter>
    </ClCompile>
    <ClCompile Include="src\renderer\backend\BufferBarriers.cpp">
      <Filter>src\renderer\backend</Filter>
    </ClCompile>
    <!-- renderer / backend / memory -->
    <ClCompile Include="src\renderer\backend\memory\Staging.cpp">
      <Filter>src\renderer\backend\memory</Filter>
    </ClCompile>
    <ClCompile Include="src\renderer\backend\memory\ResourceAllocator.cpp">
      <Filter>src\renderer\backend\memory</Filter>
    </ClCompile>
    <ClCompile Include="src\renderer\backend\memory\BindlessImageTable.cpp">
      <Filter>src\renderer\backend\memory</Filter>
    </ClCompile>
    <ClCompile Include="src\renderer\backend\memory\BindlessBDATable.cpp">
      <Filter>src\renderer\backend\memory</Filter>
    </ClCompile>
    <!-- third-party (no PCH) -->
    <ClCompile Include="vendor\stb_image\stb_image.cpp">
      <Filter>vendor</Filter>
    </ClCompile>
    <ClCompile Include="vendor\vulkan\include\vma\vma.cpp">
      <Filter>vendor</Filter>
    </ClCompile>
    <ClCompile Include="vendor\enkiTS\TaskScheduler.cpp">
      <Filter>vendor</Filter>
    </ClCompile>
    <ClCompile Include="vendor\im_gui\imgui_impl_vulkan.cpp">
      <Filter>vendor</Filter>
    </ClCompile>
    <ClCompile Include="vendor\im_gui\imgui_impl_glfw.cpp">
      <Filter>vendor</Filter>
    </ClCompile>
    <ClCompile Include="vendor\im_gui\imgui.cpp">
      <Filter>vendor</Filter>
    </ClCompile>
    <ClCompile Include="vendor\im_gui\imgui_draw.cpp">
      <Filter>vendor</Filter>
    </ClCompile>
    <ClCompile Include="vendor\im_gui\imgui_widgets.cpp">
      <Filter>vendor</Filter>
    </ClCompile>
    <ClCompile Include="vendor\im_gui\imgui_tables.cpp">
      <Filter>vendor</Filter>
    </ClCompile>
    <ClCompile Include="vendor\fastgltf\fastgltf.cpp">
      <Filter>vendor</Filter>
    </ClCompile>
    <ClCompile Include="vendor\fastgltf\base64.cpp">
      <Filter>vendor</Filter>
    </ClCompile>
    <ClCompile Include="vendor\fastgltf\io.cpp">
      <Filter>vendor</Filter>
    </ClCompile>
    <ClCompile Include="vendor\simdjson\simdjson.cpp">
      <Filter>vendor</Filter>
    </ClCompile>
    <ClCompile Include="vendor\meshoptimizer\allocator.cpp">
      <Filter>vendor</Filter>
    </ClCompile>
    <ClCompile Include="vendor\meshoptimizer\clusterizer.cpp">
      <Filter>vendor</Filter>
    </ClCompile>
    <ClCompile Include="vendor\meshoptimizer\indexanalyzer.cpp">
      <Filter>vendor</Filter>
    </ClCompile>
    <ClCompile Include="vendor\meshoptimizer\indexcodec.cpp">
      <Filter>vendor</Filter>
    </ClCompile>
    <ClCompile Include="vendor\meshoptimizer\indexgenerator.cpp">
      <Filter>vendor</Filter>
    </ClCompile>
    <ClCompile Include="vendor\meshoptimizer\overdrawoptimizer.cpp">
      <Filter>vendor</Filter>
    </ClCompile>
    <ClCompile Include="vendor\meshoptimizer\partition.cpp">
      <Filter>vendor</Filter>
    </ClCompile>
    <ClCompile Include="vendor\meshoptimizer\quantization.cpp">
      <Filter>vendor</Filter>
    </ClCompile>
    <ClCompile Include="vendor\meshoptimizer\rasterizer.cpp">
      <Filter>vendor</Filter>
    </ClCompile>
    <ClCompile Include="vendor\meshoptimizer\simplifier.cpp">
      <Filter>vendor</Filter>
    </ClCompile>
    <ClCompile Include="vendor\meshoptimizer\spatialorder.cpp">
      <Filter>vendor</Filter>
    </ClCompile>
    <ClCompile Include="vendor\meshoptimizer\stripifier.cpp">
      <Filter>vendor</Filter>
    </ClCompile>
    <ClCompile Include="vendor\meshoptimizer\vcacheoptimizer.cpp">
      <Filter>vendor</Filter>
    </ClCompile>
    <ClCompile Include="vendor\meshoptimizer\vertexcodec.cpp">
      <Filter>vendor</Filter>
    </ClCompile>
    <ClCompile Include="vendor\meshoptimizer\vertexfilter.cpp">
      <Filter>vendor</Filter>
    </ClCompile>
    <ClCompile Include="vendor\meshoptimizer\vfetchoptimizer.cpp">
      <Filter>vendor</Filter>
    </ClCompile>
    <ClCompile Include="vendor\tracy\TracyClient.cpp">
      <Filter>vendor</Filter>
    </ClCompile>
    <ClCompile Include="vendor\fmt\format.cc">
      <Filter>vendor</Filter>
    </ClCompile>
    <ClCompile Include="src\renderer\rendergraph\passes\compute\BloomPass.cpp">
      <Filter>src\renderer\rendergraph\passes\compute</Filter>
    </ClCompile>
    <ClCompile Include="src\renderer\rendergraph\passes\compute\ShadowBoundsPass.cpp">
      <Filter>src\renderer\rendergraph\passes\compute</Filter>
    </ClCompile>
    <ClCompile Include="src\renderer\rendergraph\passes\compute\InstanceCullPass.cpp">
      <Filter>src\renderer\rendergraph\passes\compute</Filter>
    </ClCompile>
    <ClCompile Include="src\renderer\rendergraph\passes\compute\DrawBuildPass.cpp">
      <Filter>src\renderer\rendergraph\passes\compute</Filter>
    </ClCompile>
    <ClCompile Include="src\renderer\rendergraph\passes\compute\DebugDrawBuildPass.cpp">
      <Filter>src\renderer\rendergraph\passes\compute</Filter>
    </ClCompile>
    <ClCompile Include="src\renderer\rendergraph\passes\compute\OpaqueTileShadingPass.cpp">
      <Filter>src\renderer\rendergraph\passes\compute</Filter>
    </ClCompile>
    <ClCompile Include="src\renderer\rendergraph\passes\compute\MaterialResolvePass.cpp">
      <Filter>src\renderer\rendergraph\passes\compute</Filter>
    </ClCompile>
    <ClCompile Include="src\renderer\rendergraph\passes\compute\GBufferDebugPass.cpp">
      <Filter>src\renderer\rendergraph\passes\compute</Filter>
    </ClCompile>
    <ClCompile Include="src\renderer\rendergraph\passes\graphics\WireframePass.cpp">
      <Filter>src\renderer\rendergraph\passes\graphics</Filter>
    </ClCompile>
  </ItemGroup>
  <!-- ===================== Headers ===================== -->
  <ItemGroup>
    <!-- common -->
    <ClInclude Include="src\common\Bounds.h">
      <Filter>src\common</Filter>
    </ClInclude>
    <ClInclude Include="src\common\Core.h">
      <Filter>src\common</Filter>
    </ClInclude>
    <ClInclude Include="src\common\Material.h">
      <Filter>src\common</Filter>
    </ClInclude>
    <ClInclude Include="src\common\Mesh.h">
      <Filter>src\common</Filter>
    </ClInclude>
    <ClInclude Include="src\common\pch.h">
      <Filter>src\common</Filter>
    </ClInclude>
    <ClInclude Include="src\common\glm_common.hpp">
      <Filter>src\common</Filter>
    </ClInclude>
    <ClInclude Include="src\common\Vertex.h">
      <Filter>src\common</Filter>
    </ClInclude>
    <ClInclude Include="src\common\ResourceTypes.h">
      <Filter>src\common</Filter>
    </ClInclude>
    <ClInclude Include="src\common\EngineTypes.h">
      <Filter>src\common</Filter>
    </ClInclude>
    <!-- core -->
    <ClInclude Include="src\core\Logging.h">
      <Filter>src\core</Filter>
    </ClInclude>
    <ClInclude Include="src\core\Engine.h">
      <Filter>src\core</Filter>
    </ClInclude>
    <ClInclude Include="src\core\JobSystem.h">
      <Filter>src\core</Filter>
    </ClInclude>
    <ClInclude Include="src\core\AssetManager.h">
      <Filter>src\core</Filter>
    </ClInclude>
    <ClInclude Include="src\core\Environment.h">
      <Filter>src\core</Filter>
    </ClInclude>
    <ClInclude Include="src\core\Window.h">
      <Filter>src\core</Filter>
    </ClInclude>
    <!-- input -->
    <ClInclude Include="src\input\UserInput.h">
      <Filter>src\input</Filter>
    </ClInclude>
    <ClInclude Include="src\input\Camera.h">
      <Filter>src\input</Filter>
    </ClInclude>
    <!-- profiler -->
    <ClInclude Include="src\profiler\ProfilerTypes.h">
      <Filter>src\profiler</Filter>
    </ClInclude>
    <ClInclude Include="src\profiler\Profiler.h">
      <Filter>src\profiler</Filter>
    </ClInclude>
    <ClInclude Include="src\profiler\EditorImgui.h">
      <Filter>src\profiler</Filter>
    </ClInclude>
    <!-- renderer -->
    <ClInclude Include="src\renderer\RendererDefinitions.h">
      <Filter>src\renderer</Filter>
    </ClInclude>
    <ClInclude Include="src\renderer\Renderer.h">
      <Filter>src\renderer</Filter>
    </ClInclude>
    <!-- renderer / frame -->
    <ClInclude Include="src\renderer\frame\FrameContext.h">
      <Filter>src\renderer\frame</Filter>
    </ClInclude>
    <ClInclude Include="src\renderer\frame\FrameResources.h">
      <Filter>src\renderer\frame</Filter>
    </ClInclude>
    <!-- renderer / rendergraph -->
    <ClInclude Include="src\renderer\rendergraph\RenderPasses.h">
      <Filter>src\renderer\rendergraph</Filter>
    </ClInclude>
    <ClInclude Include="src\renderer\rendergraph\RenderGraphResources.h">
      <Filter>src\renderer\rendergraph</Filter>
    </ClInclude>
    <ClInclude Include="src\renderer\rendergraph\RenderGraph.h">
      <Filter>src\renderer\rendergraph</Filter>
    </ClInclude>
    <ClInclude Include="src\renderer\rendergraph\RenderGraphBuilder.h">
      <Filter>src\renderer\rendergraph</Filter>
    </ClInclude>
    <!-- renderer / rendergraph / scopes -->
    <ClInclude Include="src\renderer\rendergraph\scopes\GraphicsScope.h">
      <Filter>src\renderer\rendergraph\scopes</Filter>
    </ClInclude>
    <ClInclude Include="src\renderer\rendergraph\scopes\ComputeScope.h">
      <Filter>src\renderer\rendergraph\scopes</Filter>
    </ClInclude>
    <!-- renderer / scene -->
    <ClInclude Include="src\renderer\scene\LightingSystem.h">
      <Filter>src\renderer\scene</Filter>
    </ClInclude>
    <ClInclude Include="src\renderer\scene\Scene.h">
      <Filter>src\renderer\scene</Filter>
    </ClInclude>
    <ClInclude Include="src\renderer\scene\World.h">
      <Filter>src\renderer\scene</Filter>
    </ClInclude>
    <ClInclude Include="src\renderer\scene\DrawPreparation.h">
      <Filter>src\renderer\scene</Filter>
    </ClInclude>
    <!-- renderer / backend -->
    <ClInclude Include="src\renderer\backend\Device.h">
      <Filter>src\renderer\backend</Filter>
    </ClInclude>
    <ClInclude Include="src\renderer\backend\Swapchain.h">
      <Filter>src\renderer\backend</Filter>
    </ClInclude>
    <ClInclude Include="src\renderer\backend\Queue.h">
      <Filter>src\renderer\backend</Filter>
    </ClInclude>
    <ClInclude Include="src\renderer\backend\Shader.h">
      <Filter>src\renderer\backend</Filter>
    </ClInclude>
    <ClInclude Include="src\renderer\backend\PhysicalDeviceSelector.h">
      <Filter>src\renderer\backend</Filter>
    </ClInclude>
    <ClInclude Include="src\renderer\backend\Debugging.h">
      <Filter>src\renderer\backend</Filter>
    </ClInclude>
    <ClInclude Include="src\renderer\backend\DescriptorManager.h">
      <Filter>src\renderer\backend</Filter>
    </ClInclude>
    <ClInclude Include="src\renderer\backend\DescriptorWriter.h">
      <Filter>src\renderer\backend</Filter>
    </ClInclude>
    <ClInclude Include="src\renderer\backend\PipelineManager.h">
      <Filter>src\renderer\backend</Filter>
    </ClInclude>
    <ClInclude Include="src\renderer\backend\PipelineBundles.h">
      <Filter>src\renderer\backend</Filter>
    </ClInclude>
    <ClInclude Include="src\renderer\backend\PipelineBuilder.h">
      <Filter>src\renderer\backend</Filter>
    </ClInclude>
    <ClInclude Include="src\renderer\backend\VulkanForward.h">
      <Filter>src\renderer\backend</Filter>
    </ClInclude>
    <ClInclude Include="src\renderer\backend\VulkanTypes.h">
      <Filter>src\renderer\backend</Filter>
    </ClInclude>
    <ClInclude Include="src\renderer\backend\ImageUtils.h">
      <Filter>src\renderer\backend</Filter>
    </ClInclude>
    <ClInclude Include="src\renderer\backend\BufferBarriers.h">
      <Filter>src\renderer\backend</Filter>
    </ClInclude>
    <!-- renderer / backend / memory -->
    <ClInclude Include="src\renderer\backend\memory\ResourceAllocator.h">
      <Filter>src\renderer\backend\memory</Filter>
    </ClInclude>
    <ClInclude Include="src\renderer\backend\memory\TextureStaging.h">
      <Filter>src\renderer\backend\memory</Filter>
    </ClInclude>
    <ClInclude Include="src\renderer\backend\memory\AllocatedImage.h">
      <Filter>src\renderer\backend\memory</Filter>
    </ClInclude>
    <ClInclude Include="src\renderer\backend\memory\AllocatedBuffer.h">
      <Filter>src\renderer\backend\memory</Filter>
    </ClInclude>
    <ClInclude Include="src\renderer\backend\memory\BindlessImageTable.h">
      <Filter>src\renderer\backend\memory</Filter>
    </ClInclude>
    <ClInclude Include="src\renderer\backend\memory\BindlessBDATable.h">
      <Filter>src\renderer\backend\memory</Filter>
    </ClInclude>
    <ClInclude Include="src\renderer\backend\memory\Budgets.h">
      <Filter>src\renderer\backend\memory</Filter>
    </ClInclude>
    <ClInclude Include="src\renderer\backend\memory\Staging.h">
      <Filter>src\renderer\backend\memory</Filter>
    </ClInclude>
    <ClInclude Include="src\renderer\backend\memory\VmaForward.h">
      <Filter>src\renderer\backend\memory</Filter>
    </ClInclude>
    <ClInclude Include="src\renderer\backend\memory\ImageDescs.h">
      <Filter>src\renderer\backend\memory</Filter>
    </ClInclude>
    <!-- assets -->
    <ClInclude Include="res\assets\AreaTex.h">
      <Filter>res\assets</Filter>
    </ClInclude>
    <ClInclude Include="res\assets\SearchTex.h">
      <Filter>res\assets</Filter>
    </ClInclude>
    <ClInclude Include="src\core\AssetUploadTypes.h">
      <Filter>src\core</Filter>
    </ClInclude>
    <ClInclude Include="src\renderer\backend\Sync.h">
      <Filter>src\renderer\backend</Filter>
    </ClInclude>
  </ItemGroup>
  <!-- ===================== Shaders/Assets (None) ===================== -->
  <ItemGroup>
    <None Include="res\shaders\compile_shaders.bat">
      <Filter>res\shaders</Filter>
    </None>
    <!-- ao -->
    <None Include="res\shaders\ao\ssao_denoise.comp">
      <Filter>res\shaders\ao</Filter>
    </None>
    <None Include="res\shaders\ao\ssao_depth_prefilter.comp">
      <Filter>res\shaders\ao</Filter>
    </None>
    <None Include="res\shaders\ao\ssao_filter.comp">
      <Filter>res\shaders\ao</Filter>
    </None>
    <None Include="res\shaders\ao\ssao_main.comp">
      <Filter>res\shaders\ao</Filter>
    </None>
    <!-- clustered -->
    <None Include="res\shaders\clustered\cluster_count.comp">
      <Filter>res\shaders\clustered</Filter>
    </None>
    <None Include="res\shaders\clustered\cluster_scan_offsets.comp">
      <Filter>res\shaders\clustered</Filter>
    </None>
    <None Include="res\shaders\clustered\cluster_scatter_ids.comp">
      <Filter>res\shaders\clustered</Filter>
    </None>
    <None Include="res\shaders\clustered\cluster_tile_slice_ranges.comp">
      <Filter>res\shaders\clustered</Filter>
    </None>
    <None Include="res\shaders\clustered\lights_indirect_args.comp">
      <Filter>res\shaders\clustered</Filter>
    </None>
    <None Include="res\shaders\clustered\light_culling.comp">
      <Filter>res\shaders\clustered</Filter>
    </None>
    <!-- core -->
    <None Include="res\shaders\core\transparent_forward.frag">
      <Filter>res\shaders\core</Filter>
    </None>
    <None Include="res\shaders\core\transparent_resolve.comp">
      <Filter>res\shaders\core</Filter>
    </None>
    <None Include="res\shaders\core\prepassFS.frag">
      <Filter>res\shaders\core</Filter>
    </None>
    <None Include="res\shaders\core\prepassVS.vert">
      <Filter>res\shaders\core</Filter>
    </None>
    <None Include="res\shaders\core\forwardVS.vert">
      <Filter>res\shaders\core</Filter>
    </None>
    <None Include="res\shaders\core\opaque_forward.frag">
      <Filter>res\shaders\core</Filter>
    </None>
    <None Include="res\shaders\core\hi_z_gen.comp">
      <Filter>res\shaders\core</Filter>
    </None>
    <!-- debug -->
    <None Include="res\shaders\debug\line_debugVS.vert">
      <Filter>res\shaders\debug</Filter>
    </None>
    <None Include="res\shaders\debug\line_debugFS.frag">
      <Filter>res\shaders\debug</Filter>
    </None>
    <!-- environment -->
    <None Include="res\shaders\environment\hdr2cubemap.comp">
      <Filter>res\shaders\environment</Filter>
    </None>
    <None Include="res\shaders\environment\skyboxVS.vert">
      <Filter>res\shaders\environment</Filter>
    </None>
    <None Include="res\shaders\environment\skyboxFS.frag">
      <Filter>res\shaders\environment</Filter>
    </None>
    <None Include="res\shaders\environment\specular_prefilter.comp">
      <Filter>res\shaders\environment</Filter>
    </None>
    <None Include="res\shaders\environment\diffuse_irradiance.comp">
      <Filter>res\shaders\environment</Filter>
    </None>
    <None Include="res\shaders\environment\brdf_lut.comp">
      <Filter>res\shaders\environment</Filter>
    </None>
    <!-- include -->
    <None Include="res\shaders\include\common.glsl">
      <Filter>res\shaders\include</Filter>
    </None>
    <None Include="res\shaders\include\shading_functions.glsl">
      <Filter>res\shaders\include</Filter>
    </None>
    <None Include="res\shaders\include\clustered.glsl">
      <Filter>res\shaders\include</Filter>
    </None>
    <None Include="res\shaders\include\depth.glsl">
      <Filter>res\shaders\include</Filter>
    </None>
    <None Include="res\shaders\include\shadow.glsl">
      <Filter>res\shaders\include</Filter>
    </None>
    <None Include="res\shaders\include\cmaa2.glsl">
      <Filter>res\shaders\include</Filter>
    </None>
    <None Include="res\shaders\include\pbr.glsl">
      <Filter>res\shaders\include</Filter>
    </None>
    <!-- post_process -->
    <None Include="res\shaders\post_process\chromatic_aberration.comp">
      <Filter>res\shaders\post_process</Filter>
    </None>
    <None Include="res\shaders\post_process\cmaa2_deferred_resolve.comp">
      <Filter>res\shaders\post_process</Filter>
    </None>
    <None Include="res\shaders\post_process\cmaa2_edges.comp">
      <Filter>res\shaders\post_process</Filter>
    </None>
    <None Include="res\shaders\post_process\cmaa2_indirect_args.comp">
      <Filter>res\shaders\post_process</Filter>
    </None>
    <None Include="res\shaders\post_process\cmaa2_shape_candidates.comp">
      <Filter>res\shaders\post_process</Filter>
    </None>
    <None Include="res\shaders\post_process\exposure_finalize.comp">
      <Filter>res\shaders\post_process</Filter>
    </None>
    <None Include="res\shaders\post_process\exposure_reduce.comp">
      <Filter>res\shaders\post_process</Filter>
    </None>
    <None Include="res\shaders\post_process\final_composite.comp">
      <Filter>res\shaders\post_process</Filter>
    </None>
    <None Include="res\shaders\post_process\flare_bright.comp">
      <Filter>res\shaders\post_process</Filter>
    </None>
    <None Include="res\shaders\post_process\flare_gen.comp">
      <Filter>res\shaders\post_process</Filter>
    </None>
    <None Include="res\shaders\post_process\fxaa.comp">
      <Filter>res\shaders\post_process</Filter>
    </None>
    <None Include="res\shaders\post_process\smaa_blend.comp">
      <Filter>res\shaders\post_process</Filter>
    </None>
    <None Include="res\shaders\post_process\smaa_edges.comp">
      <Filter>res\shaders\post_process</Filter>
    </None>
    <None Include="res\shaders\post_process\smaa_weights.comp">
      <Filter>res\shaders\post_process</Filter>
    </None>
    <None Include="res\shaders\post_process\taa.comp">
      <Filter>res\shaders\post_process</Filter>
    </None>
    <None Include="res\shaders\post_process\volumetric_light_blur.comp">
      <Filter>res\shaders\post_process</Filter>
    </None>
    <None Include="res\shaders\post_process\volumetric_light.comp">
      <Filter>res\shaders\post_process</Filter>
    </None>
    <!-- shadows -->
    <None Include="res\shaders\shadows\bend_sss.comp">
      <Filter>res\shaders\shadows</Filter>
    </None>
    <None Include="res\shaders\shadows\shadow_depthVS.vert">
      <Filter>res\shaders\shadows</Filter>
    </None>
    <!-- visibility -->
    <None Include="res\shaders\visibility\instance_cull.comp">
      <Filter>res\shaders\visibility</Filter>
    </None>
    <None Include="res\shaders\debug\wireframeVS.vert">
      <Filter>res\shaders\debug</Filter>
    </None>
    <None Include="res\shaders\debug\wireframeFS.frag">
      <Filter>res\shaders\debug</Filter>
    </None>
    <None Include="res\shaders\post_process\bloom_downsample.comp">
      <Filter>res\shaders\post_process</Filter>
    </None>
    <None Include="res\shaders\post_process\bloom_upsample.comp">
      <Filter>res\shaders\post_process</Filter>
    </None>
    <None Include="res\shaders\include\culling.glsl">
      <Filter>res\shaders\include</Filter>
    </None>
    <None Include="res\shaders\include\bindings.glsl">
      <Filter>res\shaders\include</Filter>
    </None>
    <None Include="res\shaders\include\instances.glsl">
      <Filter>res\shaders\include</Filter>
    </None>
    <None Include="res\shaders\include\draws.glsl">
      <Filter>res\shaders\include</Filter>
    </None>
    <None Include="res\shaders\shadows\shadow_bounds.comp">
      <Filter>res\shaders\shadows</Filter>
    </None>
    <None Include="res\shaders\visibility\draw_args.comp">
      <Filter>res\shaders\visibility</Filter>
    </None>
    <None Include="res\shaders\visibility\draw_emit.comp">
      <Filter>res\shaders\visibility</Filter>
    </None>
    <None Include="res\shaders\visibility\draw_scatter.comp">
      <Filter>res\shaders\visibility</Filter>
    </None>
    <None Include="res\shaders\visibility\draw_place.comp">
      <Filter>res\shaders\visibility</Filter>
    </None>
    <None Include="res\shaders\debug\debug_count.comp">
      <Filter>res\shaders\debug</Filter>
    </None>
    <None Include="res\shaders\debug\debug_args.comp">
      <Filter>res\shaders\debug</Filter>
    </None>
    <None Include="res\shaders\debug\debug_build.comp">
      <Filter>res\shaders\debug</Filter>
    </None>
    <None Include="res\shaders\include\barycentric.glsl">
      <Filter>res\shaders\include</Filter>
    </None>
    <None Include="res\shaders\include\visbuffer.glsl">
      <Filter>res\shaders\include</Filter>
    </None>
    <None Include="res\shaders\core\material_resolve.comp">
      <Filter>res\shaders\core</Filter>
    </None>
    <None Include="res\shaders\core\opaque_tile_shading.comp">
      <Filter>res\shaders\core</Filter>
    </None>
    <None Include="res\shaders\include\lighting.glsl">
      <Filter>res\shaders\include</Filter>
    </None>
    <None Include="res\shaders\debug\gbuffer_view.comp">
      <Filter>res\shaders\debug</Filter>
    </None>
    <None Include="res\shaders\include\debug_views.glsl">
      <Filter>res\shaders\include</Filter>
    </None>
  </ItemGroup>
</Project>