<Project xmlns="http://schemas.microsoft.com/developer/msbuild/2003">
  <ItemGroup>
    <!-- src roots -->
    <Filter Include="src" />
    <Filter Include="src\common" />
    <!-- engine -->
    <Filter Include="src\engine" />
    <Filter Include="src\engine\platform" />
    <Filter Include="src\engine\platform\window" />
    <Filter Include="src\engine\platform\input" />
    <Filter Include="src\engine\platform\profiler" />
    <!-- renderer (root + modules) -->
    <Filter Include="src\renderer" />
    <Filter Include="src\renderer\backend" />
    <Filter Include="src\renderer\gpu" />
    <Filter Include="src\renderer\frame" />
    <Filter Include="src\renderer\graph" />
    <Filter Include="src\renderer\passes" />
    <Filter Include="src\renderer\scene" />
    <!-- core (assets/resources) -->
    <Filter Include="src\core" />
    <Filter Include="src\core\loader" />
    <!-- utils -->
    <Filter Include="src\utils" />
    <!-- resources (shaders and assets) -->
    <Filter Include="res" />
    <Filter Include="res\assets" />
    <Filter Include="res\shaders" />
    <Filter Include="res\shaders\include" />
    <Filter Include="res\shaders\meshes" />
    <Filter Include="res\shaders\environment" />
    <Filter Include="res\shaders\visibility" />
    <Filter Include="res\shaders\debug" />
    <Filter Include="res\shaders\post_process" />
    <!-- vendor / third-party -->
    <Filter Include="vendor" />
  </ItemGroup>
  <ItemGroup>
    <!-- src root -->
    <ClCompile Include="src\Main.cpp">
      <Filter>src</Filter>
    </ClCompile>
    <!-- engine -->
    <ClCompile Include="src\engine\Engine.cpp">
      <Filter>src\engine</Filter>
    </ClCompile>
    <ClCompile Include="src\engine\EngineState.cpp">
      <Filter>src\engine</Filter>
    </ClCompile>
    <ClCompile Include="src\engine\JobSystem.cpp">
      <Filter>src\engine</Filter>
    </ClCompile>
    <!-- engine / platform -->
    <ClCompile Include="src\engine\platform\window\Window.cpp">
      <Filter>src\engine\platform\window</Filter>
    </ClCompile>
    <ClCompile Include="src\engine\platform\input\Camera.cpp">
      <Filter>src\engine\platform\input</Filter>
    </ClCompile>
    <ClCompile Include="src\engine\platform\input\UserInput.cpp">
      <Filter>src\engine\platform\input</Filter>
    </ClCompile>
    <ClCompile Include="src\engine\platform\profiler\Profiler.cpp">
      <Filter>src\engine\platform\profiler</Filter>
    </ClCompile>
    <ClCompile Include="src\engine\platform\profiler\EditorImgui.cpp">
      <Filter>src\engine\platform\profiler</Filter>
    </ClCompile>
    <!-- renderer (root) -->
    <ClCompile Include="src\renderer\Renderer.cpp">
      <Filter>src\renderer</Filter>
    </ClCompile>
    <!-- renderer / gpu -->
    <ClCompile Include="src\renderer\gpu\CommandBuffer.cpp">
      <Filter>src\renderer\gpu</Filter>
    </ClCompile>
    <ClCompile Include="src\renderer\gpu\Descriptor.cpp">
      <Filter>src\renderer\gpu</Filter>
    </ClCompile>
    <ClCompile Include="src\renderer\gpu\PipelineManager.cpp">
      <Filter>src\renderer\gpu</Filter>
    </ClCompile>
    <ClCompile Include="src\renderer\gpu\PipelineBuilder.cpp">
      <Filter>src\renderer\gpu</Filter>
    </ClCompile>
    <!-- renderer / frame -->
    <ClCompile Include="src\renderer\frame\FrameContext.cpp">
      <Filter>src\renderer\frame</Filter>
    </ClCompile>
    <!-- renderer / graph -->
    <ClCompile Include="src\renderer\graph\RenderGraph.cpp">
      <Filter>src\renderer\graph</Filter>
    </ClCompile>
    <!-- renderer / scene -->
    <ClCompile Include="src\renderer\scene\RenderScene.cpp">
      <Filter>src\renderer\scene</Filter>
    </ClCompile>
    <ClCompile Include="src\renderer\scene\DrawPreparation.cpp">
      <Filter>src\renderer\scene</Filter>
    </ClCompile>
    <ClCompile Include="src\renderer\scene\Visibility.cpp">
      <Filter>src\renderer\scene</Filter>
    </ClCompile>
    <ClCompile Include="src\renderer\scene\SceneGraph.cpp">
      <Filter>src\renderer\scene</Filter>
    </ClCompile>
    <!-- renderer / backend -->
    <ClCompile Include="src\renderer\backend\Backend.cpp">
      <Filter>src\renderer\backend</Filter>
    </ClCompile>
    <ClCompile Include="src\renderer\backend\BackendTools.cpp">
      <Filter>src\renderer\backend</Filter>
    </ClCompile>
    <!-- utils -->
    <ClCompile Include="src\utils\VulkanUtils.cpp">
      <Filter>src\utils</Filter>
    </ClCompile>
    <ClCompile Include="src\utils\BufferUtils.cpp">
      <Filter>src\utils</Filter>
    </ClCompile>
    <ClCompile Include="src\utils\ImageUtils.cpp">
      <Filter>src\utils</Filter>
    </ClCompile>
    <ClCompile Include="src\utils\BarrierUtils.cpp">
      <Filter>src\utils</Filter>
    </ClCompile>
    <ClCompile Include="src\utils\SyncUtils.cpp">
      <Filter>src\utils</Filter>
    </ClCompile>
    <!-- core (assets/resources) -->
    <ClCompile Include="src\core\loader\TextureLoader.cpp">
      <Filter>src\core\loader</Filter>
    </ClCompile>
    <ClCompile Include="src\core\loader\MeshLoader.cpp">
      <Filter>src\core\loader</Filter>
    </ClCompile>
    <ClCompile Include="src\core\Environment.cpp">
      <Filter>src\core</Filter>
    </ClCompile>
    <ClCompile Include="src\core\AssetManager.cpp">
      <Filter>src\core</Filter>
    </ClCompile>
    <ClCompile Include="src\core\ResourceManager.cpp">
      <Filter>src\core</Filter>
    </ClCompile>
    <!-- common (PCH unit, etc.) -->
    <ClCompile Include="src\common\pch.cpp">
      <Filter>src\common</Filter>
    </ClCompile>
    <!-- vendor / third-party -->
    <ClCompile Include="vendor\stb_image\stb_image.cpp">
      <Filter>vendor</Filter>
    </ClCompile>
    <ClCompile Include="vendor\Vulkan\include\vma\vma.cpp">
      <Filter>vendor</Filter>
    </ClCompile>
    <ClCompile Include="vendor\enkiTS\TaskScheduler.cpp">
      <Filter>vendor</Filter>
    </ClCompile>
    <ClCompile Include="vendor\im_gui\imgui_impl_vulkan.cpp">
      <Filter>vendor</Filter>
    </ClCompile>
    <ClCompile Include="vendor\im_gui\imgui_impl_glfw.cpp">
      <Filter>vendor</Filter>
    </ClCompile>
    <ClCompile Include="vendor\im_gui\imgui.cpp">
      <Filter>vendor</Filter>
    </ClCompile>
    <ClCompile Include="vendor\im_gui\imgui_draw.cpp">
      <Filter>vendor</Filter>
    </ClCompile>
    <ClCompile Include="vendor\im_gui\imgui_widgets.cpp">
      <Filter>vendor</Filter>
    </ClCompile>
    <ClCompile Include="vendor\im_gui\imgui_tables.cpp">
      <Filter>vendor</Filter>
    </ClCompile>
    <ClCompile Include="vendor\fastgltf\fastgltf.cpp">
      <Filter>vendor</Filter>
    </ClCompile>
    <ClCompile Include="vendor\fastgltf\base64.cpp">
      <Filter>vendor</Filter>
    </ClCompile>
    <ClCompile Include="vendor\fastgltf\io.cpp">
      <Filter>vendor</Filter>
    </ClCompile>
    <ClCompile Include="vendor\simdjson\simdjson.cpp">
      <Filter>vendor</Filter>
    </ClCompile>
    <ClCompile Include="vendor\fmt\format.cc">
      <Filter>vendor</Filter>
    </ClCompile>
  </ItemGroup>
  <ItemGroup>
    <!-- common -->
    <ClInclude Include="src\common\pch.h">
      <Filter>src\common</Filter>
    </ClInclude>
    <ClInclude Include="src\common\ErrorChecking.h">
      <Filter>src\common</Filter>
    </ClInclude>
    <ClInclude Include="src\common\Vk_Types.h">
      <Filter>src\common</Filter>
    </ClInclude>
    <ClInclude Include="src\common\ResourceTypes.h">
      <Filter>src\common</Filter>
    </ClInclude>
    <ClInclude Include="src\common\EngineTypes.h">
      <Filter>src\common</Filter>
    </ClInclude>
    <ClInclude Include="src\common\EngineConstants.h">
      <Filter>src\common</Filter>
    </ClInclude>
    <!-- engine (entry + runtime) -->
    <ClInclude Include="src\engine\Engine.h">
      <Filter>src\engine</Filter>
    </ClInclude>
    <ClInclude Include="src\engine\EngineState.h">
      <Filter>src\engine</Filter>
    </ClInclude>
    <ClInclude Include="src\engine\JobSystem.h">
      <Filter>src\engine</Filter>
    </ClInclude>
    <!-- engine / platform -->
    <ClInclude Include="src\engine\platform\window\Window.h">
      <Filter>src\engine\platform\window</Filter>
    </ClInclude>
    <ClInclude Include="src\engine\platform\input\UserInput.h">
      <Filter>src\engine\platform\input</Filter>
    </ClInclude>
    <ClInclude Include="src\engine\platform\input\Camera.h">
      <Filter>src\engine\platform\input</Filter>
    </ClInclude>
    <ClInclude Include="src\engine\platform\profiler\Profiler.h">
      <Filter>src\engine\platform\profiler</Filter>
    </ClInclude>
    <ClInclude Include="src\engine\platform\profiler\EditorImgui.h">
      <Filter>src\engine\platform\profiler</Filter>
    </ClInclude>
    <!-- core (assets/resources) -->
    <ClInclude Include="src\core\AssetManager.h">
      <Filter>src\core</Filter>
    </ClInclude>
    <ClInclude Include="src\core\ResourceManager.h">
      <Filter>src\core</Filter>
    </ClInclude>
    <ClInclude Include="src\core\Environment.h">
      <Filter>src\core</Filter>
    </ClInclude>
    <ClInclude Include="src\core\loader\TextureLoader.h">
      <Filter>src\core\loader</Filter>
    </ClInclude>
    <ClInclude Include="src\core\loader\MeshLoader.h">
      <Filter>src\core\loader</Filter>
    </ClInclude>
    <!-- renderer (orchestrator) -->
    <ClInclude Include="src\renderer\Renderer.h">
      <Filter>src\renderer</Filter>
    </ClInclude>
    <!-- renderer / gpu -->
    <ClInclude Include="src\renderer\gpu\CommandBuffer.h">
      <Filter>src\renderer\gpu</Filter>
    </ClInclude>
    <ClInclude Include="src\renderer\gpu\Descriptor.h">
      <Filter>src\renderer\gpu</Filter>
    </ClInclude>
    <ClInclude Include="src\renderer\gpu\PipelineManager.h">
      <Filter>src\renderer\gpu</Filter>
    </ClInclude>
    <ClInclude Include="src\renderer\gpu\PipelineBuilder.h">
      <Filter>src\renderer\gpu</Filter>
    </ClInclude>
    <!-- renderer / backend -->
    <ClInclude Include="src\renderer\backend\Backend.h">
      <Filter>src\renderer\backend</Filter>
    </ClInclude>
    <ClInclude Include="src\renderer\backend\BackendTools.h">
      <Filter>src\renderer\backend</Filter>
    </ClInclude>
    <!-- renderer / frame -->
    <ClInclude Include="src\renderer\frame\FrameContext.h">
      <Filter>src\renderer\frame</Filter>
    </ClInclude>
    <!-- renderer / scene -->
    <ClInclude Include="src\renderer\scene\RenderScene.h">
      <Filter>src\renderer\scene</Filter>
    </ClInclude>
    <ClInclude Include="src\renderer\scene\Visibility.h">
      <Filter>src\renderer\scene</Filter>
    </ClInclude>
    <ClInclude Include="src\renderer\scene\SceneGraph.h">
      <Filter>src\renderer\scene</Filter>
    </ClInclude>
    <ClInclude Include="src\renderer\scene\DrawPreparation.h">
      <Filter>src\renderer\scene</Filter>
    </ClInclude>
    <!-- renderer / graph -->
    <ClInclude Include="src\renderer\graph\RenderGraph.h">
      <Filter>src\renderer\graph</Filter>
    </ClInclude>
    <!-- utils -->
    <ClInclude Include="src\utils\VulkanUtils.h">
      <Filter>src\utils</Filter>
    </ClInclude>
    <ClInclude Include="src\utils\BufferUtils.h">
      <Filter>src\utils</Filter>
    </ClInclude>
    <ClInclude Include="src\utils\ImageUtils.h">
      <Filter>src\utils</Filter>
    </ClInclude>
    <ClInclude Include="src\utils\BarrierUtils.h">
      <Filter>src\utils</Filter>
    </ClInclude>
    <ClInclude Include="src\utils\SyncUtils.h">
      <Filter>src\utils</Filter>
    </ClInclude>
  </ItemGroup>
  <ItemGroup>
    <None Include="res\shaders\compile_shaders.bat">
      <Filter>res\shaders</Filter>
    </None>
    <None Include="res\shaders\meshes\mesh_vert.vert">
      <Filter>res\shaders\meshes</Filter>
    </None>
    <None Include="res\shaders\meshes\mesh_frag.frag">
      <Filter>res\shaders\meshes</Filter>
    </None>
    <None Include="res\shaders\environment\hdr2cubemap_comp.comp">
      <Filter>res\shaders\environment</Filter>
    </None>
    <None Include="res\shaders\post_process\tone_map_comp.comp">
      <Filter>res\shaders\post_process</Filter>
    </None>
    <None Include="res\shaders\debug\aabb_frag.frag">
      <Filter>res\shaders\debug</Filter>
    </None>
    <None Include="res\shaders\debug\aabb_vert.vert">
      <Filter>res\shaders\debug</Filter>
    </None>
    <None Include="res\shaders\environment\skybox_frag.frag">
      <Filter>res\shaders\environment</Filter>
    </None>
    <None Include="res\shaders\environment\skybox_vert.vert">
      <Filter>res\shaders\environment</Filter>
    </None>
    <None Include="res\shaders\environment\specular_prefilter_comp.comp">
      <Filter>res\shaders\environment</Filter>
    </None>
    <None Include="res\shaders\environment\diffuse_irradiance_comp.comp">
      <Filter>res\shaders\environment</Filter>
    </None>
    <None Include="res\shaders\include\set_bindings.glsl">
      <Filter>res\shaders\include</Filter>
    </None>
    <None Include="res\shaders\include\pbr.glsl">
      <Filter>res\shaders\include</Filter>
    </None>
    <None Include="res\shaders\include\gpu_scene_structures.glsl">
      <Filter>res\shaders\include</Filter>
    </None>
    <None Include="res\shaders\visibility\visibility_comp.comp">
      <Filter>res\shaders\visibility</Filter>
    </None>
  </ItemGroup>
</Project>